
Microsoft Visual Studio Solution File, Format Version 12.00
# Visual Studio Version 17
VisualStudioVersion = 17.3.32929.385
MinimumVisualStudioVersion = 10.0.40219.1
Project("{9A19103F-16F7-4668-BE54-9A1E7A4F7556}") = "Zone.IoT.FxApp", "Zone.IoT.FxApp\Zone.IoT.FxApp.csproj", "{D1303587-4ED7-44AF-A847-9470B5629F80}"
EndProject
Project("{9A19103F-16F7-4668-BE54-9A1E7A4F7556}") = "FunctionCLI", "FunctionCLI\FunctionCLI.csproj", "{49740F76-6A97-4199-932C-37CB7B5479F2}"
EndProject
Global
	GlobalSection(SolutionConfigurationPlatforms) = preSolution
		Debug|Any CPU = Debug|Any CPU
		Localhost|Any CPU = Localhost|Any CPU
		Release|Any CPU = Release|Any CPU
	EndGlobalSection
	GlobalSection(ProjectConfigurationPlatforms) = postSolution
		{D1303587-4ED7-44AF-A847-9470B5629F80}.Debug|Any CPU.ActiveCfg = Debug|Any CPU
		{D1303587-4ED7-44AF-A847-9470B5629F80}.Debug|Any CPU.Build.0 = Debug|Any CPU
		{D1303587-4ED7-44AF-A847-9470B5629F80}.Localhost|Any CPU.ActiveCfg = Localhost|Any CPU
		{D1303587-4ED7-44AF-A847-9470B5629F80}.Localhost|Any CPU.Build.0 = Localhost|Any CPU
		{D1303587-4ED7-44AF-A847-9470B5629F80}.Release|Any CPU.ActiveCfg = Release|Any CPU
		{D1303587-4ED7-44AF-A847-9470B5629F80}.Release|Any CPU.Build.0 = Release|Any CPU
		{49740F76-6A97-4199-932C-37CB7B5479F2}.Debug|Any CPU.ActiveCfg = Debug|Any CPU
		{49740F76-6A97-4199-932C-37CB7B5479F2}.Debug|Any CPU.Build.0 = Debug|Any CPU
		{49740F76-6A97-4199-932C-37CB7B5479F2}.Localhost|Any CPU.ActiveCfg = Localhost|Any CPU
		{49740F76-6A97-4199-932C-37CB7B5479F2}.Localhost|Any CPU.Build.0 = Localhost|Any CPU
		{49740F76-6A97-4199-932C-37CB7B5479F2}.Release|Any CPU.ActiveCfg = Release|Any CPU
		{49740F76-6A97-4199-932C-37CB7B5479F2}.Release|Any CPU.Build.0 = Release|Any CPU
	EndGlobalSection
	GlobalSection(SolutionProperties) = preSolution
		HideSolutionNode = FALSE
	EndGlobalSection
	GlobalSection(ExtensibilityGlobals) = postSolution
		SolutionGuid = {0C471992-2948-4471-98FF-AE262AB280F6}
	EndGlobalSection
EndGlobal
